
Microsoft Visual Studio Solution File, Format Version 12.00
# Visual Studio Version 16
VisualStudioVersion = 16.0.29123.88
MinimumVisualStudioVersion = 10.0.40219.1
Project("{2150E333-8FDC-42A3-9474-1A3956D46DE8}") = "src", "src", "{357D8D1A-7A6D-43B2-9B85-EF5B9BE1AC3D}"
EndProject
Project("{9A19103F-16F7-4668-BE54-9A1E7A4F7556}") = "PageNotifier.Worker", "src\PageNotifier.Worker\PageNotifier.Worker.csproj", "{585F8800-A63D-4D5F-BEF1-FF3B56CC5000}"
EndProject
Project("{2150E333-8FDC-42A3-9474-1A3956D46DE8}") = "test", "test", "{15C93F87-7499-48DF-BFE2-1B24D99705C5}"
EndProject
Project("{FAE04EC0-301F-11D3-BF4B-00C04F79EFBC}") = "PageNotifier.Worker.IntegrationTests", "test\PageNotifier.Worker.IntegrationTests\PageNotifier.Worker.IntegrationTests.csproj", "{E67B685D-43F0-4067-9629-0247BDD4229B}"
EndProject
Global
	GlobalSection(SolutionConfigurationPlatforms) = preSolution
		Debug|Any CPU = Debug|Any CPU
		Release|Any CPU = Release|Any CPU
	EndGlobalSection
	GlobalSection(ProjectConfigurationPlatforms) = postSolution
		{585F8800-A63D-4D5F-BEF1-FF3B56CC5000}.Debug|Any CPU.ActiveCfg = Debug|Any CPU
		{585F8800-A63D-4D5F-BEF1-FF3B56CC5000}.Debug|Any CPU.Build.0 = Debug|Any CPU
		{585F8800-A63D-4D5F-BEF1-FF3B56CC5000}.Release|Any CPU.ActiveCfg = Release|Any CPU
		{585F8800-A63D-4D5F-BEF1-FF3B56CC5000}.Release|Any CPU.Build.0 = Release|Any CPU
		{E67B685D-43F0-4067-9629-0247BDD4229B}.Debug|Any CPU.ActiveCfg = Debug|Any CPU
		{E67B685D-43F0-4067-9629-0247BDD4229B}.Debug|Any CPU.Build.0 = Debug|Any CPU
		{E67B685D-43F0-4067-9629-0247BDD4229B}.Release|Any CPU.ActiveCfg = Release|Any CPU
		{E67B685D-43F0-4067-9629-0247BDD4229B}.Release|Any CPU.Build.0 = Release|Any CPU
	EndGlobalSection
	GlobalSection(SolutionProperties) = preSolution
		HideSolutionNode = FALSE
	EndGlobalSection
	GlobalSection(NestedProjects) = preSolution
		{585F8800-A63D-4D5F-BEF1-FF3B56CC5000} = {357D8D1A-7A6D-43B2-9B85-EF5B9BE1AC3D}
		{E67B685D-43F0-4067-9629-0247BDD4229B} = {15C93F87-7499-48DF-BFE2-1B24D99705C5}
	EndGlobalSection
	GlobalSection(ExtensibilityGlobals) = postSolution
		SolutionGuid = {8442C47D-BFF1-4AF5-A740-8CED2514C367}
	EndGlobalSection
EndGlobal
